{
  "version": "1.0.0",
  "lockfileVersion": 1,
  "requires": true,
  "dependencies": {
    "@alicloud/mpserverless-sdk": {
      "version": "2.2.3",
      "resolved": "https://registry.npm.taobao.org/@alicloud/mpserverless-sdk/download/@alicloud/mpserverless-sdk-2.2.3.tgz",
      "integrity": "sha1-thsZbacYGdXheGPrO0jS4k9qGrc="
    },
    "mini-antui": {
      "version": "0.4.34",
      "resolved": "https://registry.npm.taobao.org/mini-antui/download/mini-antui-0.4.34.tgz",
      "integrity": "sha1-PTBoZzgtLrBKSyGlPKlVB3eG1yE="
    },
    "regenerator-runtime": {
      "version": "0.13.3",
      "resolved": "https://registry.npm.taobao.org/regenerator-runtime/download/regenerator-runtime-0.13.3.tgz",
      "integrity": "sha1-fPanfY9cb2Drc8X8GVWyzrAea/U="
    }
  }
}
